
Microsoft Visual Studio Solution File, Format Version 12.00
# Visual Studio 15
VisualStudioVersion = 15.0.28010.2003
MinimumVisualStudioVersion = 10.0.40219.1
Project("{FAE04EC0-301F-11D3-BF4B-00C04F79EFBC}") = "StandardCostSystem", "SCSAdmin\StandardCostSystem.csproj", "{878E512E-A5EF-4919-8AD5-3424C18D8829}"
EndProject
Project("{2150E333-8FDC-42A3-9474-1A3956D46DE8}") = "Solution Items", "Solution Items", "{0B60B12B-83A8-49C1-A252-0E22E49FD4DE}"
EndProject
Global
	GlobalSection(SolutionConfigurationPlatforms) = preSolution
		Debug|Any CPU = Debug|Any CPU
		Release|Any CPU = Release|Any CPU
	EndGlobalSection
	GlobalSection(ProjectConfigurationPlatforms) = postSolution
		{878E512E-A5EF-4919-8AD5-3424C18D8829}.Debug|Any CPU.ActiveCfg = Debug|Any CPU
		{878E512E-A5EF-4919-8AD5-3424C18D8829}.Debug|Any CPU.Build.0 = Debug|Any CPU
		{878E512E-A5EF-4919-8AD5-3424C18D8829}.Release|Any CPU.ActiveCfg = Release|Any CPU
		{878E512E-A5EF-4919-8AD5-3424C18D8829}.Release|Any CPU.Build.0 = Release|Any CPU
	EndGlobalSection
	GlobalSection(SolutionProperties) = preSolution
		HideSolutionNode = FALSE
	EndGlobalSection
	GlobalSection(ExtensibilityGlobals) = postSolution
		SolutionGuid = {C9848E0D-6A4F-41A0-87CA-EC07AC118A78}
	EndGlobalSection
EndGlobal
